<?xml version="1.0" encoding="utf-8"?>
<Project ToolsVersion="4.0" xmlns="http://schemas.microsoft.com/developer/msbuild/2003">
  <ItemGroup>
    <Filter Include="源文件">
      <UniqueIdentifier>{4FC737F1-C7A5-4376-A066-2A32D752A2FF}</UniqueIdentifier>
      <Extensions>cpp;c;cc;cxx;def;odl;idl;hpj;bat;asm;asmx</Extensions>
    </Filter>
    <Filter Include="头文件">
      <UniqueIdentifier>{93995380-89BD-4b04-88EB-625FBE52EBFB}</UniqueIdentifier>
      <Extensions>h;hh;hpp;hxx;hm;inl;inc;xsd</Extensions>
    </Filter>
    <Filter Include="资源文件">
      <UniqueIdentifier>{67DA6AB6-F800-4c08-8B7A-83BB121AAD01}</UniqueIdentifier>
      <Extensions>rc;ico;cur;bmp;dlg;rc2;rct;bin;rgs;gif;jpg;jpeg;jpe;resx;tiff;tif;png;wav;mfcribbon-ms</Extensions>
    </Filter>
  </ItemGroup>
  <ItemGroup>
    <Text Include="ReadMe.txt" />
  </ItemGroup>
  <ItemGroup>
    <ClCompile Include="w_std.cpp">
      <Filter>头文件</Filter>
    </ClCompile>
    <ClCompile Include="w_basewnd.cpp">
      <Filter>头文件</Filter>
    </ClCompile>
    <ClCompile Include="w_wndbase.cpp">
      <Filter>头文件</Filter>
    </ClCompile>
    <ClCompile Include="w_thunk.cpp">
      <Filter>头文件</Filter>
    </ClCompile>
    <ClCompile Include="w_vmem.cpp">
      <Filter>头文件</Filter>
    </ClCompile>
    <ClCompile Include="w_dc.cpp">
      <Filter>头文件</Filter>
    </ClCompile>
    <ClCompile Include="w_proc.cpp">
      <Filter>头文件</Filter>
    </ClCompile>
    <ClCompile Include="w_msg.cpp">
      <Filter>头文件</Filter>
    </ClCompile>
    <ClCompile Include="w_dialog.cpp">
      <Filter>头文件</Filter>
    </ClCompile>
    <ClCompile Include="w_dlgresc.cpp">
      <Filter>头文件</Filter>
    </ClCompile>
    <ClCompile Include="w_stdctrl.cpp">
      <Filter>头文件</Filter>
    </ClCompile>
    <ClCompile Include="w_comctrl.cpp">
      <Filter>头文件</Filter>
    </ClCompile>
    <ClCompile Include="w_file.cpp">
      <Filter>头文件</Filter>
    </ClCompile>
    <ClCompile Include="w_menu.cpp">
      <Filter>头文件</Filter>
    </ClCompile>
    <ClCompile Include="w_thread.cpp">
      <Filter>头文件</Filter>
    </ClCompile>
    <ClCompile Include="w_registry.cpp">
      <Filter>头文件</Filter>
    </ClCompile>
  </ItemGroup>
  <ItemGroup>
    <ClInclude Include="w_std.h">
      <Filter>头文件</Filter>
    </ClInclude>
    <ClInclude Include="w_basewnd.h">
      <Filter>头文件</Filter>
    </ClInclude>
    <ClInclude Include="w_wndbase.h">
      <Filter>头文件</Filter>
    </ClInclude>
    <ClInclude Include="w_thunk.h">
      <Filter>头文件</Filter>
    </ClInclude>
    <ClInclude Include="w_vmem.h">
      <Filter>头文件</Filter>
    </ClInclude>
    <ClInclude Include="w_dc.h">
      <Filter>头文件</Filter>
    </ClInclude>
    <ClInclude Include="w_proc.h">
      <Filter>头文件</Filter>
    </ClInclude>
    <ClInclude Include="w_msg.h">
      <Filter>头文件</Filter>
    </ClInclude>
    <ClInclude Include="w_dialog.h">
      <Filter>头文件</Filter>
    </ClInclude>
    <ClInclude Include="w_dlgresc.h">
      <Filter>头文件</Filter>
    </ClInclude>
    <ClInclude Include="w_stdctrl.h">
      <Filter>头文件</Filter>
    </ClInclude>
    <ClInclude Include="w_comctrl.h">
      <Filter>头文件</Filter>
    </ClInclude>
    <ClInclude Include="w_file.h">
      <Filter>头文件</Filter>
    </ClInclude>
    <ClInclude Include="w_convert.h">
      <Filter>头文件</Filter>
    </ClInclude>
    <ClInclude Include="carray.h">
      <Filter>头文件</Filter>
    </ClInclude>
    <ClInclude Include="w_menu.h">
      <Filter>头文件</Filter>
    </ClInclude>
    <ClInclude Include="w_thread.h">
      <Filter>头文件</Filter>
    </ClInclude>
    <ClInclude Include="w_registry.h">
      <Filter>头文件</Filter>
    </ClInclude>
    <ClInclude Include="w_inifile.h">
      <Filter>头文件</Filter>
    </ClInclude>
  </ItemGroup>
</Project>